
Microsoft Visual Studio Solution File, Format Version 12.00
# Visual Studio Version 17
VisualStudioVersion = 17.4.33122.133
MinimumVisualStudioVersion = 10.0.40219.1
Project("{FAE04EC0-301F-11D3-BF4B-00C04F79EFBC}") = "MultimedijskiPredvajalnik", "MultimedijskiPredvajalnik\MultimedijskiPredvajalnik.csproj", "{ECA14A6E-ADCA-4652-B5C9-9585C252CFD0}"
EndProject
Global
	GlobalSection(SolutionConfigurationPlatforms) = preSolution
		Debug|Any CPU = Debug|Any CPU
		Release|Any CPU = Release|Any CPU
	EndGlobalSection
	GlobalSection(ProjectConfigurationPlatforms) = postSolution
		{ECA14A6E-ADCA-4652-B5C9-9585C252CFD0}.Debug|Any CPU.ActiveCfg = Debug|Any CPU
		{ECA14A6E-ADCA-4652-B5C9-9585C252CFD0}.Debug|Any CPU.Build.0 = Debug|Any CPU
		{ECA14A6E-ADCA-4652-B5C9-9585C252CFD0}.Release|Any CPU.ActiveCfg = Release|Any CPU
		{ECA14A6E-ADCA-4652-B5C9-9585C252CFD0}.Release|Any CPU.Build.0 = Release|Any CPU
	EndGlobalSection
	GlobalSection(SolutionProperties) = preSolution
		HideSolutionNode = FALSE
	EndGlobalSection
	GlobalSection(ExtensibilityGlobals) = postSolution
		SolutionGuid = {FF58C4EF-CBD2-4EE6-AFD5-5BFB3E0AFE4E}
	EndGlobalSection
EndGlobal
